
Microsoft Visual Studio Solution File, Format Version 12.00
# Visual Studio Version 16
VisualStudioVersion = 16.0.29519.87
MinimumVisualStudioVersion = 10.0.40219.1
Project("{FAE04EC0-301F-11D3-BF4B-00C04F79EFBC}") = "xadrez-console", "xadrez-console\xadrez-console.csproj", "{E354C3FE-D0EF-4044-84A7-847650F72C36}"
EndProject
Global
	GlobalSection(SolutionConfigurationPlatforms) = preSolution
		Debug|Any CPU = Debug|Any CPU
		Release|Any CPU = Release|Any CPU
	EndGlobalSection
	GlobalSection(ProjectConfigurationPlatforms) = postSolution
		{E354C3FE-D0EF-4044-84A7-847650F72C36}.Debug|Any CPU.ActiveCfg = Debug|Any CPU
		{E354C3FE-D0EF-4044-84A7-847650F72C36}.Debug|Any CPU.Build.0 = Debug|Any CPU
		{E354C3FE-D0EF-4044-84A7-847650F72C36}.Release|Any CPU.ActiveCfg = Release|Any CPU
		{E354C3FE-D0EF-4044-84A7-847650F72C36}.Release|Any CPU.Build.0 = Release|Any CPU
	EndGlobalSection
	GlobalSection(SolutionProperties) = preSolution
		HideSolutionNode = FALSE
	EndGlobalSection
	GlobalSection(ExtensibilityGlobals) = postSolution
		SolutionGuid = {0AD6E413-6C29-49EF-BAD2-8162DA4C7A17}
	EndGlobalSection
EndGlobal
