
Microsoft Visual Studio Solution File, Format Version 12.00
# Visual Studio Version 16
VisualStudioVersion = 16.0.29215.179
MinimumVisualStudioVersion = 10.0.40219.1
Project("{FAE04EC0-301F-11D3-BF4B-00C04F79EFBC}") = "PrimeiroProjeto", "PrimeiroProjeto\PrimeiroProjeto.csproj", "{E547F3C5-4D36-4336-B1BD-DDBA276F9E56}"
EndProject
Global
	GlobalSection(SolutionConfigurationPlatforms) = preSolution
		Debug|Any CPU = Debug|Any CPU
		Release|Any CPU = Release|Any CPU
	EndGlobalSection
	GlobalSection(ProjectConfigurationPlatforms) = postSolution
		{E547F3C5-4D36-4336-B1BD-DDBA276F9E56}.Debug|Any CPU.ActiveCfg = Debug|Any CPU
		{E547F3C5-4D36-4336-B1BD-DDBA276F9E56}.Debug|Any CPU.Build.0 = Debug|Any CPU
		{E547F3C5-4D36-4336-B1BD-DDBA276F9E56}.Release|Any CPU.ActiveCfg = Release|Any CPU
		{E547F3C5-4D36-4336-B1BD-DDBA276F9E56}.Release|Any CPU.Build.0 = Release|Any CPU
	EndGlobalSection
	GlobalSection(SolutionProperties) = preSolution
		HideSolutionNode = FALSE
	EndGlobalSection
	GlobalSection(ExtensibilityGlobals) = postSolution
		SolutionGuid = {DBED4468-89CD-447A-9AF6-ACADEE66050A}
	EndGlobalSection
EndGlobal
