
Microsoft Visual Studio Solution File, Format Version 12.00
# Visual Studio Version 16
VisualStudioVersion = 16.0.29215.179
MinimumVisualStudioVersion = 10.0.40219.1
Project("{9A19103F-16F7-4668-BE54-9A1E7A4F7556}") = "Course", "Course\Course.csproj", "{EBD5C225-5510-43A2-BD45-984A310BC6E8}"
EndProject
Project("{9A19103F-16F7-4668-BE54-9A1E7A4F7556}") = "Banco", "Banco\Banco.csproj", "{1342E3E0-C879-43D7-A6AB-B7D8EC3BC972}"
EndProject
Project("{9A19103F-16F7-4668-BE54-9A1E7A4F7556}") = "ExercicioQuarto", "ExercicioQuarto\ExercicioQuarto.csproj", "{F56BF4A5-A465-494F-8FFF-9CA7AED81377}"
EndProject
Project("{9A19103F-16F7-4668-BE54-9A1E7A4F7556}") = "ExercicioListaFuncionario", "ExercicioListaFuncionario\ExercicioListaFuncionario.csproj", "{0EBF0F94-CF30-44E2-A8DF-73627E5DA809}"
EndProject
Project("{9A19103F-16F7-4668-BE54-9A1E7A4F7556}") = "ExercicioMatrizes", "ExercicioMatrizes\ExercicioMatrizes.csproj", "{53A98B9E-7D3D-4F84-8A1F-0D44685BE5FA}"
EndProject
Project("{9A19103F-16F7-4668-BE54-9A1E7A4F7556}") = "ExercicioComposicao", "ExercicioComposicao\ExercicioComposicao.csproj", "{D414A4EA-8EE0-4C88-953F-B627E31A67A3}"
EndProject
Project("{9A19103F-16F7-4668-BE54-9A1E7A4F7556}") = "HerancaPolimorfismo", "HerancaPolimorfismo\HerancaPolimorfismo.csproj", "{08F231E8-AE58-470B-B261-C0F1F306F728}"
EndProject
Project("{9A19103F-16F7-4668-BE54-9A1E7A4F7556}") = "ExercicioHerancaPolimorfismo", "ExercicioHerancaPolimorfismo\ExercicioHerancaPolimorfismo.csproj", "{A3D3D37D-B7E9-4DAE-A552-96AFD67F6E2D}"
EndProject
Project("{FAE04EC0-301F-11D3-BF4B-00C04F79EFBC}") = "TratamentoExcesao", "TratamentoExcesao\TratamentoExcesao.csproj", "{CA171C94-46F2-4DB6-AAD5-633A5C3E3135}"
EndProject
Global
	GlobalSection(SolutionConfigurationPlatforms) = preSolution
		Debug|Any CPU = Debug|Any CPU
		Release|Any CPU = Release|Any CPU
	EndGlobalSection
	GlobalSection(ProjectConfigurationPlatforms) = postSolution
		{EBD5C225-5510-43A2-BD45-984A310BC6E8}.Debug|Any CPU.ActiveCfg = Debug|Any CPU
		{EBD5C225-5510-43A2-BD45-984A310BC6E8}.Debug|Any CPU.Build.0 = Debug|Any CPU
		{EBD5C225-5510-43A2-BD45-984A310BC6E8}.Release|Any CPU.ActiveCfg = Release|Any CPU
		{EBD5C225-5510-43A2-BD45-984A310BC6E8}.Release|Any CPU.Build.0 = Release|Any CPU
		{1342E3E0-C879-43D7-A6AB-B7D8EC3BC972}.Debug|Any CPU.ActiveCfg = Debug|Any CPU
		{1342E3E0-C879-43D7-A6AB-B7D8EC3BC972}.Debug|Any CPU.Build.0 = Debug|Any CPU
		{1342E3E0-C879-43D7-A6AB-B7D8EC3BC972}.Release|Any CPU.ActiveCfg = Release|Any CPU
		{1342E3E0-C879-43D7-A6AB-B7D8EC3BC972}.Release|Any CPU.Build.0 = Release|Any CPU
		{F56BF4A5-A465-494F-8FFF-9CA7AED81377}.Debug|Any CPU.ActiveCfg = Debug|Any CPU
		{F56BF4A5-A465-494F-8FFF-9CA7AED81377}.Debug|Any CPU.Build.0 = Debug|Any CPU
		{F56BF4A5-A465-494F-8FFF-9CA7AED81377}.Release|Any CPU.ActiveCfg = Release|Any CPU
		{F56BF4A5-A465-494F-8FFF-9CA7AED81377}.Release|Any CPU.Build.0 = Release|Any CPU
		{0EBF0F94-CF30-44E2-A8DF-73627E5DA809}.Debug|Any CPU.ActiveCfg = Debug|Any CPU
		{0EBF0F94-CF30-44E2-A8DF-73627E5DA809}.Debug|Any CPU.Build.0 = Debug|Any CPU
		{0EBF0F94-CF30-44E2-A8DF-73627E5DA809}.Release|Any CPU.ActiveCfg = Release|Any CPU
		{0EBF0F94-CF30-44E2-A8DF-73627E5DA809}.Release|Any CPU.Build.0 = Release|Any CPU
		{53A98B9E-7D3D-4F84-8A1F-0D44685BE5FA}.Debug|Any CPU.ActiveCfg = Debug|Any CPU
		{53A98B9E-7D3D-4F84-8A1F-0D44685BE5FA}.Debug|Any CPU.Build.0 = Debug|Any CPU
		{53A98B9E-7D3D-4F84-8A1F-0D44685BE5FA}.Release|Any CPU.ActiveCfg = Release|Any CPU
		{53A98B9E-7D3D-4F84-8A1F-0D44685BE5FA}.Release|Any CPU.Build.0 = Release|Any CPU
		{D414A4EA-8EE0-4C88-953F-B627E31A67A3}.Debug|Any CPU.ActiveCfg = Debug|Any CPU
		{D414A4EA-8EE0-4C88-953F-B627E31A67A3}.Debug|Any CPU.Build.0 = Debug|Any CPU
		{D414A4EA-8EE0-4C88-953F-B627E31A67A3}.Release|Any CPU.ActiveCfg = Release|Any CPU
		{D414A4EA-8EE0-4C88-953F-B627E31A67A3}.Release|Any CPU.Build.0 = Release|Any CPU
		{08F231E8-AE58-470B-B261-C0F1F306F728}.Debug|Any CPU.ActiveCfg = Debug|Any CPU
		{08F231E8-AE58-470B-B261-C0F1F306F728}.Debug|Any CPU.Build.0 = Debug|Any CPU
		{08F231E8-AE58-470B-B261-C0F1F306F728}.Release|Any CPU.ActiveCfg = Release|Any CPU
		{08F231E8-AE58-470B-B261-C0F1F306F728}.Release|Any CPU.Build.0 = Release|Any CPU
		{A3D3D37D-B7E9-4DAE-A552-96AFD67F6E2D}.Debug|Any CPU.ActiveCfg = Debug|Any CPU
		{A3D3D37D-B7E9-4DAE-A552-96AFD67F6E2D}.Debug|Any CPU.Build.0 = Debug|Any CPU
		{A3D3D37D-B7E9-4DAE-A552-96AFD67F6E2D}.Release|Any CPU.ActiveCfg = Release|Any CPU
		{A3D3D37D-B7E9-4DAE-A552-96AFD67F6E2D}.Release|Any CPU.Build.0 = Release|Any CPU
		{CA171C94-46F2-4DB6-AAD5-633A5C3E3135}.Debug|Any CPU.ActiveCfg = Debug|Any CPU
		{CA171C94-46F2-4DB6-AAD5-633A5C3E3135}.Debug|Any CPU.Build.0 = Debug|Any CPU
		{CA171C94-46F2-4DB6-AAD5-633A5C3E3135}.Release|Any CPU.ActiveCfg = Release|Any CPU
		{CA171C94-46F2-4DB6-AAD5-633A5C3E3135}.Release|Any CPU.Build.0 = Release|Any CPU
	EndGlobalSection
	GlobalSection(SolutionProperties) = preSolution
		HideSolutionNode = FALSE
	EndGlobalSection
	GlobalSection(ExtensibilityGlobals) = postSolution
		SolutionGuid = {67087105-A61C-4CEE-B14A-C2DBA77F1DDE}
	EndGlobalSection
EndGlobal
